PODS:
  - expresspay_sdk (0.0.1):
    - Flutter
  - ExpressPaySDK (0.0.4)
  - Flutter (1.0.0)
  - shared_preferences_foundation (0.0.1):
    - Flutter
    - FlutterMacOS

DEPENDENCIES:
  - expresspay_sdk (from `.symlinks/plugins/expresspay_sdk/ios`)
  - ExpressPaySDK (from `/Volumes/EdfaPay/Codes/Github/ExpressPay/iOS/expresspay-ios-sdk-source/ExpressPaySDK`)
  - Flutter (from `Flutter`)
  - shared_preferences_foundation (from `.symlinks/plugins/shared_preferences_foundation/ios`)

EXTERNAL SOURCES:
  expresspay_sdk:
    :path: ".symlinks/plugins/expresspay_sdk/ios"
  ExpressPaySDK:
    :path: "/Volumes/EdfaPay/Codes/Github/ExpressPay/iOS/expresspay-ios-sdk-source/ExpressPaySDK"
  Flutter:
    :path: Flutter
  shared_preferences_foundation:
    :path: ".symlinks/plugins/shared_preferences_foundation/ios"

SPEC CHECKSUMS:
  expresspay_sdk: 55c6e4e67fc6e6be5ea9117ff33d3b76beb50015
  ExpressPaySDK: e7b2d51b98e25ffd43043b7e8a94686c58b5b90a
  Flutter: f04841e97a9d0b0a8025694d0796dd46242b2854
  shared_preferences_foundation: 986fc17f3d3251412d18b0265f9c64113a8c2472

PODFILE CHECKSUM: 0719a8ce696318b68879384cd6dad35b69f5ad59

COCOAPODS: 1.11.3
